// !$*UTF8*$!
{
	archiveVersion = 1;
	classes = {
	};
	objectVersion = 56;
	objects = {

/* Begin PBXBuildFile section */
		A00000000000000000000001 /* CKitApp.swift in Sources */ = {isa = PBXBuildFile; fileRef = A00000000000000000000003 /* CKitApp.swift */; };
		A00000000000000000000002 /* ContainerMenuController.swift in Sources */ = {isa = PBXBuildFile; fileRef = A00000000000000000000004 /* ContainerMenuController.swift */; };
		C00000000000000000000001 /* ContainerClient.swift in Sources */ = {isa = PBXBuildFile; fileRef = B00000000000000000000001 /* ContainerClient.swift */; };
		C00000000000000000000002 /* ContainerStore.swift in Sources */ = {isa = PBXBuildFile; fileRef = B00000000000000000000002 /* ContainerStore.swift */; };
		C00000000000000000000003 /* Models.swift in Sources */ = {isa = PBXBuildFile; fileRef = B00000000000000000000003 /* Models.swift */; };
		C00000000000000000000004 /* ProcessRunner.swift in Sources */ = {isa = PBXBuildFile; fileRef = B00000000000000000000004 /* ProcessRunner.swift */; };
		C00000000000000000000005 /* TerminalLauncher.swift in Sources */ = {isa = PBXBuildFile; fileRef = B00000000000000000000005 /* TerminalLauncher.swift */; };
		C00000000000000000000006 /* Icons.swift in Sources */ = {isa = PBXBuildFile; fileRef = B00000000000000000000006 /* Icons.swift */; };
		C00000000000000000000008 /* PuffArtwork.swift in Sources */ = {isa = PBXBuildFile; fileRef = B00000000000000000000008 /* PuffArtwork.swift */; };
		D00000000000000000000004 /* Assets.xcassets in Resources */ = {isa = PBXBuildFile; fileRef = D00000000000000000000003 /* Assets.xcassets */; };
		C00000000000000000000009 /* CreateMachineWindow.swift in Sources */ = {isa = PBXBuildFile; fileRef = B00000000000000000000009 /* CreateMachineWindow.swift */; };
		E00000000000000000000001 /* UpdateController.swift in Sources */ = {isa = PBXBuildFile; fileRef = E00000000000000000000002 /* UpdateController.swift */; };
		E00000000000000000000003 /* Sparkle in Frameworks */ = {isa = PBXBuildFile; productRef = E00000000000000000000004 /* Sparkle */; };
/* End PBXBuildFile section */

/* Begin PBXFileReference section */
		A00000000000000000000003 /* CKitApp.swift */ = {isa = PBXFileReference; lastKnownFileType = sourcecode.swift; path = CKitApp.swift; sourceTree = "<group>"; };
		A00000000000000000000004 /* ContainerMenuController.swift */ = {isa = PBXFileReference; lastKnownFileType = sourcecode.swift; path = ContainerMenuController.swift; sourceTree = "<group>"; };
		A00000000000000000000005 /* Ckit.app */ = {isa = PBXFileReference; explicitFileType = wrapper.application; includeInIndex = 0; path = Ckit.app; sourceTree = BUILT_PRODUCTS_DIR; };
		A00000000000000000000006 /* README.md */ = {isa = PBXFileReference; lastKnownFileType = net.daringfireball.markdown; path = README.md; sourceTree = "<group>"; };
		B00000000000000000000001 /* ContainerClient.swift */ = {isa = PBXFileReference; lastKnownFileType = sourcecode.swift; path = ContainerClient.swift; sourceTree = "<group>"; };
		B00000000000000000000002 /* ContainerStore.swift */ = {isa = PBXFileReference; lastKnownFileType = sourcecode.swift; path = ContainerStore.swift; sourceTree = "<group>"; };
		B00000000000000000000003 /* Models.swift */ = {isa = PBXFileReference; lastKnownFileType = sourcecode.swift; path = Models.swift; sourceTree = "<group>"; };
		B00000000000000000000004 /* ProcessRunner.swift */ = {isa = PBXFileReference; lastKnownFileType = sourcecode.swift; path = ProcessRunner.swift; sourceTree = "<group>"; };
		B00000000000000000000005 /* TerminalLauncher.swift */ = {isa = PBXFileReference; lastKnownFileType = sourcecode.swift; path = TerminalLauncher.swift; sourceTree = "<group>"; };
		B00000000000000000000006 /* Icons.swift */ = {isa = PBXFileReference; lastKnownFileType = sourcecode.swift; path = Icons.swift; sourceTree = "<group>"; };
		B00000000000000000000008 /* PuffArtwork.swift */ = {isa = PBXFileReference; lastKnownFileType = sourcecode.swift; path = PuffArtwork.swift; sourceTree = "<group>"; };
		D00000000000000000000003 /* Assets.xcassets */ = {isa = PBXFileReference; lastKnownFileType = folder.assetcatalog; path = Assets.xcassets; sourceTree = "<group>"; };
		D00000000000000000000005 /* LEARN.md */ = {isa = PBXFileReference; lastKnownFileType = net.daringfireball.markdown; path = LEARN.md; sourceTree = "<group>"; };
		B00000000000000000000009 /* CreateMachineWindow.swift */ = {isa = PBXFileReference; lastKnownFileType = sourcecode.swift; path = CreateMachineWindow.swift; sourceTree = "<group>"; };
		E00000000000000000000002 /* UpdateController.swift */ = {isa = PBXFileReference; lastKnownFileType = sourcecode.swift; path = UpdateController.swift; sourceTree = "<group>"; };
		E00000000000000000000006 /* Updates.xcconfig */ = {isa = PBXFileReference; lastKnownFileType = text.xcconfig; path = Updates.xcconfig; sourceTree = "<group>"; };
		E00000000000000000000008 /* Info.plist */ = {isa = PBXFileReference; lastKnownFileType = text.plist.xml; path = Info.plist; sourceTree = "<group>"; };
/* End PBXFileReference section */

/* Begin PBXFrameworksBuildPhase section */
		A0000000000000000000000C /* Frameworks */ = {
			isa = PBXFrameworksBuildPhase;
			buildActionMask = 2147483647;
			files = (
				E00000000000000000000003 /* Sparkle in Frameworks */,
			);
			runOnlyForDeploymentPostprocessing = 0;
		};
/* End PBXFrameworksBuildPhase section */

/* Begin PBXGroup section */
		A00000000000000000000007 = {
			isa = PBXGroup;
			children = (
				A00000000000000000000008 /* CKit */,
				A00000000000000000000006 /* README.md */,
				E00000000000000000000007 /* Config */,
				D00000000000000000000005 /* LEARN.md */,
				A00000000000000000000009 /* Products */,
			);
			sourceTree = "<group>";
		};
		A00000000000000000000008 /* CKit */ = {
			isa = PBXGroup;
			children = (
				A00000000000000000000003 /* CKitApp.swift */,
				A00000000000000000000004 /* ContainerMenuController.swift */,
				E00000000000000000000002 /* UpdateController.swift */,
				D00000000000000000000001 /* Core */,
				D00000000000000000000002 /* Interface */,
				D00000000000000000000003 /* Assets.xcassets */,
			);
			path = CKit;
			sourceTree = "<group>";
		};
		A00000000000000000000009 /* Products */ = {
			isa = PBXGroup;
			children = (
				A00000000000000000000005 /* Ckit.app */,
			);
			name = Products;
			sourceTree = "<group>";
		};
		D00000000000000000000001 /* Core */ = {
			isa = PBXGroup;
			children = (
				B00000000000000000000001 /* ContainerClient.swift */,
				B00000000000000000000002 /* ContainerStore.swift */,
				B00000000000000000000003 /* Models.swift */,
				B00000000000000000000004 /* ProcessRunner.swift */,
				B00000000000000000000005 /* TerminalLauncher.swift */,
			);
			path = Core;
			sourceTree = "<group>";
		};
		D00000000000000000000002 /* Interface */ = {
			isa = PBXGroup;
			children = (
				B00000000000000000000006 /* Icons.swift */,
				B00000000000000000000008 /* PuffArtwork.swift */,
				B00000000000000000000009 /* CreateMachineWindow.swift */,
			);
			path = Interface;
			sourceTree = "<group>";
		};
		E00000000000000000000007 /* Config */ = {
			isa = PBXGroup;
			children = (
				E00000000000000000000006 /* Updates.xcconfig */,
				E00000000000000000000008 /* Info.plist */,
			);
			path = Config;
			sourceTree = "<group>";
		};
/* End PBXGroup section */

/* Begin PBXNativeTarget section */
		A0000000000000000000000A /* CKit */ = {
			isa = PBXNativeTarget;
			buildConfigurationList = A00000000000000000000010 /* Build configuration list for PBXNativeTarget "CKit" */;
			buildPhases = (
				A0000000000000000000000B /* Sources */,
				A0000000000000000000000C /* Frameworks */,
				A0000000000000000000000D /* Resources */,
			);
			buildRules = (
			);
			dependencies = (
			);
			name = CKit;
			packageProductDependencies = (E00000000000000000000004 /* Sparkle */);
			productName = Ckit;
			productReference = A00000000000000000000005 /* Ckit.app */;
			productType = "com.apple.product-type.application";
		};
/* End PBXNativeTarget section */

/* Begin PBXProject section */
		A0000000000000000000000E /* Project object */ = {
			isa = PBXProject;
			attributes = {
				LastSwiftUpdateCheck = 2700;
				LastUpgradeCheck = 2700;
				TargetAttributes = {
					A0000000000000000000000A = {
						CreatedOnToolsVersion = 27.0;
					};
				};
			};
			buildConfigurationList = A0000000000000000000000F /* Build configuration list for PBXProject "CKit" */;
			compatibilityVersion = "Xcode 14.0";
			developmentRegion = en;
			hasScannedForEncodings = 0;
			knownRegions = (
				en,
				Base,
			);
			mainGroup = A00000000000000000000007;
			productRefGroup = A00000000000000000000009 /* Products */;
			packageReferences = (E00000000000000000000005 /* Sparkle */);
			projectDirPath = "";
			projectRoot = "";
			targets = (
				A0000000000000000000000A /* CKit */,
			);
		};
/* End PBXProject section */

/* Begin PBXResourcesBuildPhase section */
		A0000000000000000000000D /* Resources */ = {
			isa = PBXResourcesBuildPhase;
			buildActionMask = 2147483647;
			files = (
				D00000000000000000000004 /* Assets.xcassets in Resources */,
			);
			runOnlyForDeploymentPostprocessing = 0;
		};
/* End PBXResourcesBuildPhase section */

/* Begin PBXSourcesBuildPhase section */
		A0000000000000000000000B /* Sources */ = {
			isa = PBXSourcesBuildPhase;
			buildActionMask = 2147483647;
			files = (
				A00000000000000000000001 /* CKitApp.swift in Sources */,
				A00000000000000000000002 /* ContainerMenuController.swift in Sources */,
				E00000000000000000000001 /* UpdateController.swift in Sources */,
				C00000000000000000000001 /* ContainerClient.swift in Sources */,
				C00000000000000000000002 /* ContainerStore.swift in Sources */,
				C00000000000000000000003 /* Models.swift in Sources */,
				C00000000000000000000004 /* ProcessRunner.swift in Sources */,
				C00000000000000000000005 /* TerminalLauncher.swift in Sources */,
				C00000000000000000000006 /* Icons.swift in Sources */,
				C00000000000000000000008 /* PuffArtwork.swift in Sources */,
				C00000000000000000000009 /* CreateMachineWindow.swift in Sources */,
			);
			runOnlyForDeploymentPostprocessing = 0;
		};
/* End PBXSourcesBuildPhase section */

/* Begin XCBuildConfiguration section */
		A00000000000000000000011 /* Debug */ = {
			isa = XCBuildConfiguration;
			buildSettings = {
				ARCHS = arm64;
				CLANG_ENABLE_MODULES = YES;
				DEBUG_INFORMATION_FORMAT = dwarf;
				MACOSX_DEPLOYMENT_TARGET = 26.0;
				ONLY_ACTIVE_ARCH = YES;
				SDKROOT = macosx;
				SWIFT_ACTIVE_COMPILATION_CONDITIONS = "DEBUG $(inherited)";
				SWIFT_OPTIMIZATION_LEVEL = "-Onone";
				SWIFT_VERSION = 6.0;
			};
			name = Debug;
		};
		A00000000000000000000012 /* Release */ = {
			isa = XCBuildConfiguration;
			buildSettings = {
				ARCHS = arm64;
				CLANG_ENABLE_MODULES = YES;
				DEBUG_INFORMATION_FORMAT = "dwarf-with-dsym";
				MACOSX_DEPLOYMENT_TARGET = 26.0;
				SDKROOT = macosx;
				SWIFT_COMPILATION_MODE = wholemodule;
				SWIFT_VERSION = 6.0;
			};
			name = Release;
		};
		A00000000000000000000013 /* Debug */ = {
			isa = XCBuildConfiguration;
			baseConfigurationReference = E00000000000000000000006 /* Updates.xcconfig */;
			buildSettings = {
				ASSETCATALOG_COMPILER_APPICON_NAME = AppIcon;
				CODE_SIGN_IDENTITY = "-";
				CODE_SIGN_STYLE = Manual;
				CURRENT_PROJECT_VERSION = 1;
				ENABLE_APP_SANDBOX = NO;
				ENABLE_HARDENED_RUNTIME = YES;
				ENABLE_PREVIEWS = YES;
				GENERATE_INFOPLIST_FILE = YES;
				INFOPLIST_KEY_CFBundleDisplayName = Ckit;
				INFOPLIST_KEY_LSUIElement = YES;
				INFOPLIST_KEY_NSHumanReadableCopyright = "Copyright © 2026 Ckit";
				MARKETING_VERSION = 0.1.0;
				PRODUCT_BUNDLE_IDENTIFIER = dev.local.ckit;
				PRODUCT_NAME = Ckit;
				SWIFT_EMIT_LOC_STRINGS = YES;
			};
			name = Debug;
		};
		A00000000000000000000014 /* Release */ = {
			isa = XCBuildConfiguration;
			baseConfigurationReference = E00000000000000000000006 /* Updates.xcconfig */;
			buildSettings = {
				ASSETCATALOG_COMPILER_APPICON_NAME = AppIcon;
				CODE_SIGN_IDENTITY = "-";
				CODE_SIGN_STYLE = Manual;
				CURRENT_PROJECT_VERSION = 1;
				ENABLE_APP_SANDBOX = NO;
				ENABLE_HARDENED_RUNTIME = YES;
				ENABLE_PREVIEWS = YES;
				GENERATE_INFOPLIST_FILE = YES;
				INFOPLIST_KEY_CFBundleDisplayName = Ckit;
				INFOPLIST_KEY_LSUIElement = YES;
				INFOPLIST_KEY_NSHumanReadableCopyright = "Copyright © 2026 Ckit";
				MARKETING_VERSION = 0.1.0;
				PRODUCT_BUNDLE_IDENTIFIER = dev.local.ckit;
				PRODUCT_NAME = Ckit;
				SWIFT_EMIT_LOC_STRINGS = YES;
			};
			name = Release;
		};
/* End XCBuildConfiguration section */

/* Begin XCRemoteSwiftPackageReference section */
		E00000000000000000000005 /* Sparkle */ = {
			isa = XCRemoteSwiftPackageReference;
			repositoryURL = "https://github.com/sparkle-project/Sparkle";
			requirement = {kind = exactVersion; version = 2.10.0; };
		};
/* End XCRemoteSwiftPackageReference section */

/* Begin XCSwiftPackageProductDependency section */
		E00000000000000000000004 /* Sparkle */ = {
			isa = XCSwiftPackageProductDependency;
			package = E00000000000000000000005 /* Sparkle */;
			productName = Sparkle;
		};
/* End XCSwiftPackageProductDependency section */

/* Begin XCConfigurationList section */
		A0000000000000000000000F /* Build configuration list for PBXProject "CKit" */ = {
			isa = XCConfigurationList;
			buildConfigurations = (
				A00000000000000000000011 /* Debug */,
				A00000000000000000000012 /* Release */,
			);
			defaultConfigurationIsVisible = 0;
			defaultConfigurationName = Release;
		};
		A00000000000000000000010 /* Build configuration list for PBXNativeTarget "CKit" */ = {
			isa = XCConfigurationList;
			buildConfigurations = (
				A00000000000000000000013 /* Debug */,
				A00000000000000000000014 /* Release */,
			);
			defaultConfigurationIsVisible = 0;
			defaultConfigurationName = Release;
		};
/* End XCConfigurationList section */
	};
	rootObject = A0000000000000000000000E /* Project object */;
}
